
Microsoft Visual Studio Solution File, Format Version 12.00
# Visual Studio 15
VisualStudioVersion = 15.0.26730.8
MinimumVisualStudioVersion = 10.0.40219.1
Project("{FAE04EC0-301F-11D3-BF4B-00C04F79EFBC}") = "GitRepository", "GitRepository\GitRepository.csproj", "{AF5BDEDC-0C9D-4B1D-92A0-60FB0058A120}"
EndProject
Global
	GlobalSection(SolutionConfigurationPlatforms) = preSolution
		Debug|Any CPU = Debug|Any CPU
		Release|Any CPU = Release|Any CPU
	EndGlobalSection
	GlobalSection(ProjectConfigurationPlatforms) = postSolution
		{AF5BDEDC-0C9D-4B1D-92A0-60FB0058A120}.Debug|Any CPU.ActiveCfg = Debug|Any CPU
		{AF5BDEDC-0C9D-4B1D-92A0-60FB0058A120}.Debug|Any CPU.Build.0 = Debug|Any CPU
		{AF5BDEDC-0C9D-4B1D-92A0-60FB0058A120}.Release|Any CPU.ActiveCfg = Release|Any CPU
		{AF5BDEDC-0C9D-4B1D-92A0-60FB0058A120}.Release|Any CPU.Build.0 = Release|Any CPU
	EndGlobalSection
	GlobalSection(SolutionProperties) = preSolution
		HideSolutionNode = FALSE
	EndGlobalSection
	GlobalSection(ExtensibilityGlobals) = postSolution
		SolutionGuid = {419CD2E8-9905-4F63-ACCA-E67336BA2703}
	EndGlobalSection
EndGlobal
